
Microsoft Visual Studio Solution File, Format Version 12.00
# Visual Studio Version 17
VisualStudioVersion = 17.14.36221.1 d17.14
MinimumVisualStudioVersion = 10.0.40219.1
Project("{FAE04EC0-301F-11D3-BF4B-00C04F79EFBC}") = "SrcSinavUygulamasi", "SrcSinavUygulamasi.csproj", "{05F18604-A380-8CE1-0558-CBCDA2B91CFF}"
EndProject
Global
	GlobalSection(SolutionConfigurationPlatforms) = preSolution
		Debug|Any CPU = Debug|Any CPU
		Release|Any CPU = Release|Any CPU
	EndGlobalSection
	GlobalSection(ProjectConfigurationPlatforms) = postSolution
		{05F18604-A380-8CE1-0558-CBCDA2B91CFF}.Debug|Any CPU.ActiveCfg = Debug|Any CPU
		{05F18604-A380-8CE1-0558-CBCDA2B91CFF}.Debug|Any CPU.Build.0 = Debug|Any CPU
		{05F18604-A380-8CE1-0558-CBCDA2B91CFF}.Release|Any CPU.ActiveCfg = Release|Any CPU
		{05F18604-A380-8CE1-0558-CBCDA2B91CFF}.Release|Any CPU.Build.0 = Release|Any CPU
	EndGlobalSection
	GlobalSection(SolutionProperties) = preSolution
		HideSolutionNode = FALSE
	EndGlobalSection
	GlobalSection(ExtensibilityGlobals) = postSolution
		SolutionGuid = {03FD5384-5CFC-4F33-9626-053ADB1FA8CA}
	EndGlobalSection
EndGlobal
